
Microsoft Visual Studio Solution File, Format Version 12.00
# Visual Studio Version 16
VisualStudioVersion = 16.0.30320.27
MinimumVisualStudioVersion = 10.0.40219.1
Project("{8BC9CEB8-8B4A-11D0-8D11-00A0C91BC942}") = "cudaLBMSC1009", "cudaLBMSC1009\cudaLBMSC1009.vcxproj", "{42823C72-DB01-4453-8756-BBE7B15F72CA}"
EndProject
Global
	GlobalSection(SolutionConfigurationPlatforms) = preSolution
		Debug|x64 = Debug|x64
		Release|x64 = Release|x64
	EndGlobalSection
	GlobalSection(ProjectConfigurationPlatforms) = postSolution
		{42823C72-DB01-4453-8756-BBE7B15F72CA}.Debug|x64.ActiveCfg = Debug|x64
		{42823C72-DB01-4453-8756-BBE7B15F72CA}.Debug|x64.Build.0 = Debug|x64
		{42823C72-DB01-4453-8756-BBE7B15F72CA}.Release|x64.ActiveCfg = Release|x64
		{42823C72-DB01-4453-8756-BBE7B15F72CA}.Release|x64.Build.0 = Release|x64
	EndGlobalSection
	GlobalSection(SolutionProperties) = preSolution
		HideSolutionNode = FALSE
	EndGlobalSection
	GlobalSection(ExtensibilityGlobals) = postSolution
		SolutionGuid = {6F06935D-2091-46EF-B3C5-164F83BDCEC0}
	EndGlobalSection
EndGlobal
